{
  "name": "stock",
  "lockfileVersion": 2,
  "requires": true,
  "packages": {
    "": {
      "dependencies": {
        "Math": "^0.0.1-security"
      }
    },
    "node_modules/Math": {
      "version": "0.0.1-security",
      "resolved": "https://registry.npmjs.org/Math/-/Math-0.0.1-security.tgz",
      "integrity": "sha512-JFs/4QolpT0mrK13IY6A5JECh4UKBTa7jwOLM977XkFfFg7tyiOlkEmXvjQZSEBX01I1nkA1owLyJ25vWPkq2w=="
    }
  },
  "dependencies": {
    "Math": {
      "version": "0.0.1-security",
      "resolved": "https://registry.npmjs.org/Math/-/Math-0.0.1-security.tgz",
      "integrity": "sha512-JFs/4QolpT0mrK13IY6A5JECh4UKBTa7jwOLM977XkFfFg7tyiOlkEmXvjQZSEBX01I1nkA1owLyJ25vWPkq2w=="
    }
  }
}
